{
  "nodes": {
    "nixpkgs": {
      "locked": {
        "lastModified": 1782847225,
        "narHash": "sha256-JC9PjqKYG9ve5U8aDOLQipp3+KLANBHUvGdLZlxzdKI=",
        "ref": "nixos-26.05",
        "rev": "95ca1e203c0750115fd4a6f17d5a245dfe6b1edd",
        "shallow": true,
        "type": "git",
        "url": "ssh://git@ssh.git.wrzalek.com/nixos/upstream-nixpkgs.git"
      },
      "original": {
        "ref": "nixos-26.05",
        "shallow": true,
        "type": "git",
        "url": "ssh://git@ssh.git.wrzalek.com/nixos/upstream-nixpkgs.git"
      }
    },
    "root": {
      "inputs": {
        "nixpkgs": "nixpkgs",
        "sops-nix": "sops-nix"
      }
    },
    "sops-nix": {
      "inputs": {
        "nixpkgs": [
          "nixpkgs"
        ]
      },
      "locked": {
        "lastModified": 1783104586,
        "narHash": "sha256-vSLKc7m34/g5xH4dwmNZSqxc5OcHeE3qiG3EIz6bJKs=",
        "rev": "1ebd41717762d837d5115f7108522c29cdb00fbb",
        "shallow": true,
        "type": "git",
        "url": "ssh://git@ssh.git.wrzalek.com/nixos/upstream-sops-nix.git"
      },
      "original": {
        "shallow": true,
        "type": "git",
        "url": "ssh://git@ssh.git.wrzalek.com/nixos/upstream-sops-nix.git"
      }
    }
  },
  "root": "root",
  "version": 7
}
